
Microsoft Visual Studio Solution File, Format Version 12.00
# Visual Studio Version 17
VisualStudioVersion = 17.0.31903.59
MinimumVisualStudioVersion = 10.0.40219.1
Project("{FAE04EC0-301F-11D3-BF4B-00C04F79EFBC}") = "TA-API", "TA-API\TA-API.csproj", "{8DEDBB59-89CE-4FCD-B6ED-29BA9AA8D2E5}"
EndProject
Project("{FAE04EC0-301F-11D3-BF4B-00C04F79EFBC}") = "TA-API-Tests", "TA-API-Tests\TA-API-Tests.csproj", "{5B9EAA9A-EDFB-43FA-AF31-8DDACF5144AA}"
EndProject
Global
	GlobalSection(SolutionConfigurationPlatforms) = preSolution
		Debug|Any CPU = Debug|Any CPU
		Release|Any CPU = Release|Any CPU
	EndGlobalSection
	GlobalSection(ProjectConfigurationPlatforms) = postSolution
		{8DEDBB59-89CE-4FCD-B6ED-29BA9AA8D2E5}.Debug|Any CPU.ActiveCfg = Debug|Any CPU
		{8DEDBB59-89CE-4FCD-B6ED-29BA9AA8D2E5}.Debug|Any CPU.Build.0 = Debug|Any CPU
		{8DEDBB59-89CE-4FCD-B6ED-29BA9AA8D2E5}.Release|Any CPU.ActiveCfg = Release|Any CPU
		{8DEDBB59-89CE-4FCD-B6ED-29BA9AA8D2E5}.Release|Any CPU.Build.0 = Release|Any CPU
		{5B9EAA9A-EDFB-43FA-AF31-8DDACF5144AA}.Debug|Any CPU.ActiveCfg = Debug|Any CPU
		{5B9EAA9A-EDFB-43FA-AF31-8DDACF5144AA}.Debug|Any CPU.Build.0 = Debug|Any CPU
		{5B9EAA9A-EDFB-43FA-AF31-8DDACF5144AA}.Release|Any CPU.ActiveCfg = Release|Any CPU
		{5B9EAA9A-EDFB-43FA-AF31-8DDACF5144AA}.Release|Any CPU.Build.0 = Release|Any CPU
	EndGlobalSection
	GlobalSection(SolutionProperties) = preSolution
		HideSolutionNode = FALSE
	EndGlobalSection
	GlobalSection(ExtensibilityGlobals) = postSolution
		SolutionGuid = {0A8C1EFF-042C-4B5B-88D3-0862DF32E43D}
	EndGlobalSection
EndGlobal
